
Microsoft Visual Studio Solution File, Format Version 12.00
# Visual Studio Version 17
VisualStudioVersion = 17.0.31919.166
MinimumVisualStudioVersion = 10.0.40219.1
Project("{2150E333-8FDC-42A3-9474-1A3956D46DE8}") = "Solution Items", "Solution Items", "{13688EAB-01D9-4907-B9B3-13082112A0CA}"
	ProjectSection(SolutionItems) = preProject
		TextFile1.txt = TextFile1.txt
	EndProjectSection
EndProject
Project("{FAE04EC0-301F-11D3-BF4B-00C04F79EFBC}") = "GenEntities-Mysql", "GenEntity-Mysql\GenEntities-Mysql.csproj", "{111CCBE0-2B59-4C00-8566-9DAA55A55C03}"
EndProject
Project("{9A19103F-16F7-4668-BE54-9A1E7A4F7556}") = "AutoInfrastructGenerate", "GenEntity-Base\AutoInfrastructGenerate.csproj", "{8379913E-CBBD-4660-B2E8-5208F9D71249}"
EndProject
Project("{9A19103F-16F7-4668-BE54-9A1E7A4F7556}") = "OracleEx", "OracleEx\OracleEx.csproj", "{21108141-1E06-4E63-9973-22D928922641}"
EndProject
Project("{9A19103F-16F7-4668-BE54-9A1E7A4F7556}") = "OracleGenerate", "OracleGenerate\OracleGenerate.csproj", "{F59C21B8-D359-4A0E-B0AE-FBEAC16D4C3F}"
EndProject
Project("{9A19103F-16F7-4668-BE54-9A1E7A4F7556}") = "T4Ext", "T4Ext\T4Ext.csproj", "{EE7248C4-7A37-4105-883F-4B500759CCB1}"
EndProject
Project("{9A19103F-16F7-4668-BE54-9A1E7A4F7556}") = "Model", "Model\Model.csproj", "{F5224AEC-848F-48D3-8E0F-C58A6929FB11}"
EndProject
Global
	GlobalSection(SolutionConfigurationPlatforms) = preSolution
		Debug|Any CPU = Debug|Any CPU
		Release|Any CPU = Release|Any CPU
	EndGlobalSection
	GlobalSection(ProjectConfigurationPlatforms) = postSolution
		{111CCBE0-2B59-4C00-8566-9DAA55A55C03}.Debug|Any CPU.ActiveCfg = Debug|Any CPU
		{111CCBE0-2B59-4C00-8566-9DAA55A55C03}.Debug|Any CPU.Build.0 = Debug|Any CPU
		{111CCBE0-2B59-4C00-8566-9DAA55A55C03}.Release|Any CPU.ActiveCfg = Release|Any CPU
		{111CCBE0-2B59-4C00-8566-9DAA55A55C03}.Release|Any CPU.Build.0 = Release|Any CPU
		{8379913E-CBBD-4660-B2E8-5208F9D71249}.Debug|Any CPU.ActiveCfg = Debug|Any CPU
		{8379913E-CBBD-4660-B2E8-5208F9D71249}.Debug|Any CPU.Build.0 = Debug|Any CPU
		{8379913E-CBBD-4660-B2E8-5208F9D71249}.Release|Any CPU.ActiveCfg = Release|Any CPU
		{8379913E-CBBD-4660-B2E8-5208F9D71249}.Release|Any CPU.Build.0 = Release|Any CPU
		{21108141-1E06-4E63-9973-22D928922641}.Debug|Any CPU.ActiveCfg = Debug|Any CPU
		{21108141-1E06-4E63-9973-22D928922641}.Debug|Any CPU.Build.0 = Debug|Any CPU
		{21108141-1E06-4E63-9973-22D928922641}.Release|Any CPU.ActiveCfg = Release|Any CPU
		{21108141-1E06-4E63-9973-22D928922641}.Release|Any CPU.Build.0 = Release|Any CPU
		{F59C21B8-D359-4A0E-B0AE-FBEAC16D4C3F}.Debug|Any CPU.ActiveCfg = Debug|Any CPU
		{F59C21B8-D359-4A0E-B0AE-FBEAC16D4C3F}.Debug|Any CPU.Build.0 = Debug|Any CPU
		{F59C21B8-D359-4A0E-B0AE-FBEAC16D4C3F}.Release|Any CPU.ActiveCfg = Release|Any CPU
		{F59C21B8-D359-4A0E-B0AE-FBEAC16D4C3F}.Release|Any CPU.Build.0 = Release|Any CPU
		{EE7248C4-7A37-4105-883F-4B500759CCB1}.Debug|Any CPU.ActiveCfg = Debug|Any CPU
		{EE7248C4-7A37-4105-883F-4B500759CCB1}.Debug|Any CPU.Build.0 = Debug|Any CPU
		{EE7248C4-7A37-4105-883F-4B500759CCB1}.Release|Any CPU.ActiveCfg = Release|Any CPU
		{EE7248C4-7A37-4105-883F-4B500759CCB1}.Release|Any CPU.Build.0 = Release|Any CPU
		{F5224AEC-848F-48D3-8E0F-C58A6929FB11}.Debug|Any CPU.ActiveCfg = Debug|Any CPU
		{F5224AEC-848F-48D3-8E0F-C58A6929FB11}.Debug|Any CPU.Build.0 = Debug|Any CPU
		{F5224AEC-848F-48D3-8E0F-C58A6929FB11}.Release|Any CPU.ActiveCfg = Release|Any CPU
		{F5224AEC-848F-48D3-8E0F-C58A6929FB11}.Release|Any CPU.Build.0 = Release|Any CPU
	EndGlobalSection
	GlobalSection(SolutionProperties) = preSolution
		HideSolutionNode = FALSE
	EndGlobalSection
	GlobalSection(ExtensibilityGlobals) = postSolution
		SolutionGuid = {9E01FAEB-DAC3-442B-AAAC-8C94E267C92A}
	EndGlobalSection
EndGlobal
