
Microsoft Visual Studio Solution File, Format Version 12.00
# Visual Studio Version 17
VisualStudioVersion = 17.5.33424.131
MinimumVisualStudioVersion = 10.0.40219.1
Project("{9A19103F-16F7-4668-BE54-9A1E7A4F7556}") = "Server.WebAPI", "Server.WebAPI\Server.WebAPI.csproj", "{088D2BCE-7714-470F-86C7-CC73C881CD5A}"
EndProject
Project("{9A19103F-16F7-4668-BE54-9A1E7A4F7556}") = "Domain", "Domain\Domain.csproj", "{62A36D14-B603-4D64-B8B3-24AE2CFD2E58}"
EndProject
Project("{9A19103F-16F7-4668-BE54-9A1E7A4F7556}") = "Infrastruct", "Infrastruct\Infrastruct.csproj", "{0099E2A0-C19A-40C3-AD2A-6CA95A07009E}"
EndProject
Project("{9A19103F-16F7-4668-BE54-9A1E7A4F7556}") = "Service", "Service\Service.csproj", "{5F7E7019-C1AA-49F8-AF3F-29448F48C5AA}"
EndProject
Project("{FAE04EC0-301F-11D3-BF4B-00C04F79EFBC}") = "Toolkit", "Toolkit\Toolkit.csproj", "{FB86E19F-67D5-464B-8491-EA9624693FE8}"
EndProject
Global
	GlobalSection(SolutionConfigurationPlatforms) = preSolution
		Debug|Any CPU = Debug|Any CPU
		Release|Any CPU = Release|Any CPU
	EndGlobalSection
	GlobalSection(ProjectConfigurationPlatforms) = postSolution
		{088D2BCE-7714-470F-86C7-CC73C881CD5A}.Debug|Any CPU.ActiveCfg = Debug|Any CPU
		{088D2BCE-7714-470F-86C7-CC73C881CD5A}.Debug|Any CPU.Build.0 = Debug|Any CPU
		{088D2BCE-7714-470F-86C7-CC73C881CD5A}.Release|Any CPU.ActiveCfg = Release|Any CPU
		{088D2BCE-7714-470F-86C7-CC73C881CD5A}.Release|Any CPU.Build.0 = Release|Any CPU
		{62A36D14-B603-4D64-B8B3-24AE2CFD2E58}.Debug|Any CPU.ActiveCfg = Debug|Any CPU
		{62A36D14-B603-4D64-B8B3-24AE2CFD2E58}.Debug|Any CPU.Build.0 = Debug|Any CPU
		{62A36D14-B603-4D64-B8B3-24AE2CFD2E58}.Release|Any CPU.ActiveCfg = Release|Any CPU
		{62A36D14-B603-4D64-B8B3-24AE2CFD2E58}.Release|Any CPU.Build.0 = Release|Any CPU
		{0099E2A0-C19A-40C3-AD2A-6CA95A07009E}.Debug|Any CPU.ActiveCfg = Debug|Any CPU
		{0099E2A0-C19A-40C3-AD2A-6CA95A07009E}.Debug|Any CPU.Build.0 = Debug|Any CPU
		{0099E2A0-C19A-40C3-AD2A-6CA95A07009E}.Release|Any CPU.ActiveCfg = Release|Any CPU
		{0099E2A0-C19A-40C3-AD2A-6CA95A07009E}.Release|Any CPU.Build.0 = Release|Any CPU
		{5F7E7019-C1AA-49F8-AF3F-29448F48C5AA}.Debug|Any CPU.ActiveCfg = Debug|Any CPU
		{5F7E7019-C1AA-49F8-AF3F-29448F48C5AA}.Debug|Any CPU.Build.0 = Debug|Any CPU
		{5F7E7019-C1AA-49F8-AF3F-29448F48C5AA}.Release|Any CPU.ActiveCfg = Release|Any CPU
		{5F7E7019-C1AA-49F8-AF3F-29448F48C5AA}.Release|Any CPU.Build.0 = Release|Any CPU
		{FB86E19F-67D5-464B-8491-EA9624693FE8}.Debug|Any CPU.ActiveCfg = Debug|Any CPU
		{FB86E19F-67D5-464B-8491-EA9624693FE8}.Debug|Any CPU.Build.0 = Debug|Any CPU
		{FB86E19F-67D5-464B-8491-EA9624693FE8}.Release|Any CPU.ActiveCfg = Release|Any CPU
		{FB86E19F-67D5-464B-8491-EA9624693FE8}.Release|Any CPU.Build.0 = Release|Any CPU
	EndGlobalSection
	GlobalSection(SolutionProperties) = preSolution
		HideSolutionNode = FALSE
	EndGlobalSection
	GlobalSection(ExtensibilityGlobals) = postSolution
		SolutionGuid = {8147EDDB-86E5-47E4-9D98-08F6B6B6F789}
	EndGlobalSection
EndGlobal
